
Microsoft Visual Studio Solution File, Format Version 12.00
# Visual Studio Version 17
VisualStudioVersion = 17.8.34330.188
MinimumVisualStudioVersion = 10.0.40219.1
Project("{9A19103F-16F7-4668-BE54-9A1E7A4F7556}") = "test", "test\test.csproj", "{3ADAC972-5920-4374-AD6C-E350B7DE690B}"
EndProject
Global
	GlobalSection(SolutionConfigurationPlatforms) = preSolution
		Debug|Any CPU = Debug|Any CPU
		Release|Any CPU = Release|Any CPU
	EndGlobalSection
	GlobalSection(ProjectConfigurationPlatforms) = postSolution
		{3ADAC972-5920-4374-AD6C-E350B7DE690B}.Debug|Any CPU.ActiveCfg = Debug|Any CPU
		{3ADAC972-5920-4374-AD6C-E350B7DE690B}.Debug|Any CPU.Build.0 = Debug|Any CPU
		{3ADAC972-5920-4374-AD6C-E350B7DE690B}.Release|Any CPU.ActiveCfg = Release|Any CPU
		{3ADAC972-5920-4374-AD6C-E350B7DE690B}.Release|Any CPU.Build.0 = Release|Any CPU
	EndGlobalSection
	GlobalSection(SolutionProperties) = preSolution
		HideSolutionNode = FALSE
	EndGlobalSection
	GlobalSection(ExtensibilityGlobals) = postSolution
		SolutionGuid = {2F5AC935-725D-40AD-A63F-085F531E9CCD}
	EndGlobalSection
EndGlobal
